
Microsoft Visual Studio Solution File, Format Version 12.00
# Visual Studio Version 16
VisualStudioVersion = 16.0.30320.27
MinimumVisualStudioVersion = 10.0.40219.1
Project("{FAE04EC0-301F-11D3-BF4B-00C04F79EFBC}") = "QuickStart.Dominio", "QuickStart.Dominio\QuickStart.Dominio.csproj", "{FF553EA5-F881-4840-9F52-C51C8516993D}"
EndProject
Project("{FAE04EC0-301F-11D3-BF4B-00C04F79EFBC}") = "QuickStatart.Repositorio", "QuickStatart.Repositorio\QuickStatart.Repositorio.csproj", "{79E5FBD5-7137-4380-80EC-6D3B27FC77A9}"
EndProject
Project("{FAE04EC0-301F-11D3-BF4B-00C04F79EFBC}") = "QuickStart.Web", "QuickStart.Web\QuickStart.Web.csproj", "{F89726A8-090F-4E36-AE7B-43321BC14779}"
EndProject
Global
	GlobalSection(SolutionConfigurationPlatforms) = preSolution
		Debug|Any CPU = Debug|Any CPU
		Release|Any CPU = Release|Any CPU
	EndGlobalSection
	GlobalSection(ProjectConfigurationPlatforms) = postSolution
		{FF553EA5-F881-4840-9F52-C51C8516993D}.Debug|Any CPU.ActiveCfg = Debug|Any CPU
		{FF553EA5-F881-4840-9F52-C51C8516993D}.Debug|Any CPU.Build.0 = Debug|Any CPU
		{FF553EA5-F881-4840-9F52-C51C8516993D}.Release|Any CPU.ActiveCfg = Release|Any CPU
		{FF553EA5-F881-4840-9F52-C51C8516993D}.Release|Any CPU.Build.0 = Release|Any CPU
		{79E5FBD5-7137-4380-80EC-6D3B27FC77A9}.Debug|Any CPU.ActiveCfg = Debug|Any CPU
		{79E5FBD5-7137-4380-80EC-6D3B27FC77A9}.Debug|Any CPU.Build.0 = Debug|Any CPU
		{79E5FBD5-7137-4380-80EC-6D3B27FC77A9}.Release|Any CPU.ActiveCfg = Release|Any CPU
		{79E5FBD5-7137-4380-80EC-6D3B27FC77A9}.Release|Any CPU.Build.0 = Release|Any CPU
		{F89726A8-090F-4E36-AE7B-43321BC14779}.Debug|Any CPU.ActiveCfg = Debug|Any CPU
		{F89726A8-090F-4E36-AE7B-43321BC14779}.Debug|Any CPU.Build.0 = Debug|Any CPU
		{F89726A8-090F-4E36-AE7B-43321BC14779}.Release|Any CPU.ActiveCfg = Release|Any CPU
		{F89726A8-090F-4E36-AE7B-43321BC14779}.Release|Any CPU.Build.0 = Release|Any CPU
	EndGlobalSection
	GlobalSection(SolutionProperties) = preSolution
		HideSolutionNode = FALSE
	EndGlobalSection
	GlobalSection(ExtensibilityGlobals) = postSolution
		SolutionGuid = {7577B8E3-B879-4974-9CE7-5E6141474878}
	EndGlobalSection
EndGlobal
